// !$*UTF8*$!
{
	archiveVersion = 1;
	classes = {
	};
	objectVersion = 56;
	objects = {

/* Begin PBXBuildFile section */
		3218FAD12C4225AD00A3C570 /* about_us_pmApp.swift in Sources */ = {isa = PBXBuildFile; fileRef = 3218FAD02C4225AD00A3C570 /* about_us_pmApp.swift */; };
		3218FAD32C4225AD00A3C570 /* ContentView.swift in Sources */ = {isa = PBXBuildFile; fileRef = 3218FAD22C4225AD00A3C570 /* ContentView.swift */; };
		3218FAD52C4225AE00A3C570 /* Assets.xcassets in Resources */ = {isa = PBXBuildFile; fileRef = 3218FAD42C4225AE00A3C570 /* Assets.xcassets */; };
		3218FAD82C4225AE00A3C570 /* Preview Assets.xcassets in Resources */ = {isa = PBXBuildFile; fileRef = 3218FAD72C4225AE00A3C570 /* Preview Assets.xcassets */; };
		3218FADF2C42262500A3C570 /* InstructorMentorView.swift in Sources */ = {isa = PBXBuildFile; fileRef = 3218FADE2C42262500A3C570 /* InstructorMentorView.swift */; };
		3218FAE12C42262C00A3C570 /* Group1View.swift in Sources */ = {isa = PBXBuildFile; fileRef = 3218FAE02C42262C00A3C570 /* Group1View.swift */; };
		3218FAE32C42263200A3C570 /* Group2View.swift in Sources */ = {isa = PBXBuildFile; fileRef = 3218FAE22C42263200A3C570 /* Group2View.swift */; };
		3218FAE52C42263900A3C570 /* Group3View.swift in Sources */ = {isa = PBXBuildFile; fileRef = 3218FAE42C42263900A3C570 /* Group3View.swift */; };
		3218FAE72C42264400A3C570 /* Group4View.swift in Sources */ = {isa = PBXBuildFile; fileRef = 3218FAE62C42264400A3C570 /* Group4View.swift */; };
		3218FAE92C42264B00A3C570 /* Group5View.swift in Sources */ = {isa = PBXBuildFile; fileRef = 3218FAE82C42264B00A3C570 /* Group5View.swift */; };
		3218FAEB2C42265200A3C570 /* Group6View.swift in Sources */ = {isa = PBXBuildFile; fileRef = 3218FAEA2C42265200A3C570 /* Group6View.swift */; };
		B074117F2C426D870009AFCF /* Group1VijaiView.swift in Sources */ = {isa = PBXBuildFile; fileRef = B074117E2C426D870009AFCF /* Group1VijaiView.swift */; };
		B07411812C426D940009AFCF /* Group1QiYang.swift in Sources */ = {isa = PBXBuildFile; fileRef = B07411802C426D940009AFCF /* Group1QiYang.swift */; };
		B07411832C426D9E0009AFCF /* Group1EthanView.swift in Sources */ = {isa = PBXBuildFile; fileRef = B07411822C426D9E0009AFCF /* Group1EthanView.swift */; };
		B07411852C426DA80009AFCF /* Group1DavidView.swift in Sources */ = {isa = PBXBuildFile; fileRef = B07411842C426DA80009AFCF /* Group1DavidView.swift */; };
		B07411872C426DC60009AFCF /* Group1VidishaView.swift in Sources */ = {isa = PBXBuildFile; fileRef = B07411862C426DC60009AFCF /* Group1VidishaView.swift */; };
		B07411892C4275080009AFCF /* Group1MadhanView.swift in Sources */ = {isa = PBXBuildFile; fileRef = B07411882C4275080009AFCF /* Group1MadhanView.swift */; };
/* End PBXBuildFile section */

/* Begin PBXFileReference section */
		3218FACD2C4225AD00A3C570 /* about-us-pm.app */ = {isa = PBXFileReference; explicitFileType = wrapper.application; includeInIndex = 0; path = "about-us-pm.app"; sourceTree = BUILT_PRODUCTS_DIR; };
		3218FAD02C4225AD00A3C570 /* about_us_pmApp.swift */ = {isa = PBXFileReference; lastKnownFileType = sourcecode.swift; path = about_us_pmApp.swift; sourceTree = "<group>"; };
		3218FAD22C4225AD00A3C570 /* ContentView.swift */ = {isa = PBXFileReference; lastKnownFileType = sourcecode.swift; path = ContentView.swift; sourceTree = "<group>"; };
		3218FAD42C4225AE00A3C570 /* Assets.xcassets */ = {isa = PBXFileReference; lastKnownFileType = folder.assetcatalog; path = Assets.xcassets; sourceTree = "<group>"; };
		3218FAD72C4225AE00A3C570 /* Preview Assets.xcassets */ = {isa = PBXFileReference; lastKnownFileType = folder.assetcatalog; path = "Preview Assets.xcassets"; sourceTree = "<group>"; };
		3218FADE2C42262500A3C570 /* InstructorMentorView.swift */ = {isa = PBXFileReference; lastKnownFileType = sourcecode.swift; path = InstructorMentorView.swift; sourceTree = "<group>"; };
		3218FAE02C42262C00A3C570 /* Group1View.swift */ = {isa = PBXFileReference; lastKnownFileType = sourcecode.swift; path = Group1View.swift; sourceTree = "<group>"; };
		3218FAE22C42263200A3C570 /* Group2View.swift */ = {isa = PBXFileReference; lastKnownFileType = sourcecode.swift; path = Group2View.swift; sourceTree = "<group>"; };
		3218FAE42C42263900A3C570 /* Group3View.swift */ = {isa = PBXFileReference; lastKnownFileType = sourcecode.swift; path = Group3View.swift; sourceTree = "<group>"; };
		3218FAE62C42264400A3C570 /* Group4View.swift */ = {isa = PBXFileReference; lastKnownFileType = sourcecode.swift; path = Group4View.swift; sourceTree = "<group>"; };
		3218FAE82C42264B00A3C570 /* Group5View.swift */ = {isa = PBXFileReference; lastKnownFileType = sourcecode.swift; path = Group5View.swift; sourceTree = "<group>"; };
		3218FAEA2C42265200A3C570 /* Group6View.swift */ = {isa = PBXFileReference; lastKnownFileType = sourcecode.swift; path = Group6View.swift; sourceTree = "<group>"; };
		B074117E2C426D870009AFCF /* Group1VijaiView.swift */ = {isa = PBXFileReference; lastKnownFileType = sourcecode.swift; path = Group1VijaiView.swift; sourceTree = "<group>"; };
		B07411802C426D940009AFCF /* Group1QiYang.swift */ = {isa = PBXFileReference; lastKnownFileType = sourcecode.swift; path = Group1QiYang.swift; sourceTree = "<group>"; };
		B07411822C426D9E0009AFCF /* Group1EthanView.swift */ = {isa = PBXFileReference; lastKnownFileType = sourcecode.swift; path = Group1EthanView.swift; sourceTree = "<group>"; };
		B07411842C426DA80009AFCF /* Group1DavidView.swift */ = {isa = PBXFileReference; lastKnownFileType = sourcecode.swift; path = Group1DavidView.swift; sourceTree = "<group>"; };
		B07411862C426DC60009AFCF /* Group1VidishaView.swift */ = {isa = PBXFileReference; lastKnownFileType = sourcecode.swift; path = Group1VidishaView.swift; sourceTree = "<group>"; };
		B07411882C4275080009AFCF /* Group1MadhanView.swift */ = {isa = PBXFileReference; lastKnownFileType = sourcecode.swift; path = Group1MadhanView.swift; sourceTree = "<group>"; };
/* End PBXFileReference section */

/* Begin PBXFrameworksBuildPhase section */
		3218FACA2C4225AD00A3C570 /* Frameworks */ = {
			isa = PBXFrameworksBuildPhase;
			buildActionMask = 2147483647;
			files = (
			);
			runOnlyForDeploymentPostprocessing = 0;
		};
/* End PBXFrameworksBuildPhase section */

/* Begin PBXGroup section */
		3218FAC42C4225AD00A3C570 = {
			isa = PBXGroup;
			children = (
				3218FACF2C4225AD00A3C570 /* about-us-pm */,
				3218FACE2C4225AD00A3C570 /* Products */,
			);
			sourceTree = "<group>";
		};
		3218FACE2C4225AD00A3C570 /* Products */ = {
			isa = PBXGroup;
			children = (
				3218FACD2C4225AD00A3C570 /* about-us-pm.app */,
			);
			name = Products;
			sourceTree = "<group>";
		};
		3218FACF2C4225AD00A3C570 /* about-us-pm */ = {
			isa = PBXGroup;
			children = (
				3218FAD02C4225AD00A3C570 /* about_us_pmApp.swift */,
				3218FAD22C4225AD00A3C570 /* ContentView.swift */,
				3218FADE2C42262500A3C570 /* InstructorMentorView.swift */,
				3218FAE02C42262C00A3C570 /* Group1View.swift */,
				B07411882C4275080009AFCF /* Group1MadhanView.swift */,
				B074117E2C426D870009AFCF /* Group1VijaiView.swift */,
				B07411802C426D940009AFCF /* Group1QiYang.swift */,
				B07411822C426D9E0009AFCF /* Group1EthanView.swift */,
				B07411842C426DA80009AFCF /* Group1DavidView.swift */,
				B07411862C426DC60009AFCF /* Group1VidishaView.swift */,
				3218FAE22C42263200A3C570 /* Group2View.swift */,
				3218FAE42C42263900A3C570 /* Group3View.swift */,
				3218FAE62C42264400A3C570 /* Group4View.swift */,
				3218FAE82C42264B00A3C570 /* Group5View.swift */,
				3218FAEA2C42265200A3C570 /* Group6View.swift */,
				3218FAD42C4225AE00A3C570 /* Assets.xcassets */,
				3218FAD62C4225AE00A3C570 /* Preview Content */,
			);
			path = "about-us-pm";
			sourceTree = "<group>";
		};
		3218FAD62C4225AE00A3C570 /* Preview Content */ = {
			isa = PBXGroup;
			children = (
				3218FAD72C4225AE00A3C570 /* Preview Assets.xcassets */,
			);
			path = "Preview Content";
			sourceTree = "<group>";
		};
/* End PBXGroup section */

/* Begin PBXNativeTarget section */
		3218FACC2C4225AD00A3C570 /* about-us-pm */ = {
			isa = PBXNativeTarget;
			buildConfigurationList = 3218FADB2C4225AE00A3C570 /* Build configuration list for PBXNativeTarget "about-us-pm" */;
			buildPhases = (
				3218FAC92C4225AD00A3C570 /* Sources */,
				3218FACA2C4225AD00A3C570 /* Frameworks */,
				3218FACB2C4225AD00A3C570 /* Resources */,
			);
			buildRules = (
			);
			dependencies = (
			);
			name = "about-us-pm";
			productName = "about-us-pm";
			productReference = 3218FACD2C4225AD00A3C570 /* about-us-pm.app */;
			productType = "com.apple.product-type.application";
		};
/* End PBXNativeTarget section */

/* Begin PBXProject section */
		3218FAC52C4225AD00A3C570 /* Project object */ = {
			isa = PBXProject;
			attributes = {
				BuildIndependentTargetsInParallel = 1;
				LastSwiftUpdateCheck = 1530;
				LastUpgradeCheck = 1530;
				TargetAttributes = {
					3218FACC2C4225AD00A3C570 = {
						CreatedOnToolsVersion = 15.3;
					};
				};
			};
			buildConfigurationList = 3218FAC82C4225AD00A3C570 /* Build configuration list for PBXProject "about-us-pm" */;
			compatibilityVersion = "Xcode 14.0";
			developmentRegion = en;
			hasScannedForEncodings = 0;
			knownRegions = (
				en,
				Base,
			);
			mainGroup = 3218FAC42C4225AD00A3C570;
			productRefGroup = 3218FACE2C4225AD00A3C570 /* Products */;
			projectDirPath = "";
			projectRoot = "";
			targets = (
				3218FACC2C4225AD00A3C570 /* about-us-pm */,
			);
		};
/* End PBXProject section */

/* Begin PBXResourcesBuildPhase section */
		3218FACB2C4225AD00A3C570 /* Resources */ = {
			isa = PBXResourcesBuildPhase;
			buildActionMask = 2147483647;
			files = (
				3218FAD82C4225AE00A3C570 /* Preview Assets.xcassets in Resources */,
				3218FAD52C4225AE00A3C570 /* Assets.xcassets in Resources */,
			);
			runOnlyForDeploymentPostprocessing = 0;
		};
/* End PBXResourcesBuildPhase section */

/* Begin PBXSourcesBuildPhase section */
		3218FAC92C4225AD00A3C570 /* Sources */ = {
			isa = PBXSourcesBuildPhase;
			buildActionMask = 2147483647;
			files = (
				3218FAE92C42264B00A3C570 /* Group5View.swift in Sources */,
				B07411832C426D9E0009AFCF /* Group1EthanView.swift in Sources */,
				3218FAE52C42263900A3C570 /* Group3View.swift in Sources */,
				B074117F2C426D870009AFCF /* Group1VijaiView.swift in Sources */,
				3218FAEB2C42265200A3C570 /* Group6View.swift in Sources */,
				3218FAE32C42263200A3C570 /* Group2View.swift in Sources */,
				B07411852C426DA80009AFCF /* Group1DavidView.swift in Sources */,
				B07411872C426DC60009AFCF /* Group1VidishaView.swift in Sources */,
				3218FAE72C42264400A3C570 /* Group4View.swift in Sources */,
				B07411892C4275080009AFCF /* Group1MadhanView.swift in Sources */,
				3218FAE12C42262C00A3C570 /* Group1View.swift in Sources */,
				3218FADF2C42262500A3C570 /* InstructorMentorView.swift in Sources */,
				B07411812C426D940009AFCF /* Group1QiYang.swift in Sources */,
				3218FAD32C4225AD00A3C570 /* ContentView.swift in Sources */,
				3218FAD12C4225AD00A3C570 /* about_us_pmApp.swift in Sources */,
			);
			runOnlyForDeploymentPostprocessing = 0;
		};
/* End PBXSourcesBuildPhase section */

/* Begin XCBuildConfiguration section */
		3218FAD92C4225AE00A3C570 /* Debug */ = {
			isa = XCBuildConfiguration;
			buildSettings = {
				ALWAYS_SEARCH_USER_PATHS = NO;
				ASSETCATALOG_COMPILER_GENERATE_SWIFT_ASSET_SYMBOL_EXTENSIONS = YES;
				CLANG_ANALYZER_NONNULL = YES;
				CLANG_ANALYZER_NUMBER_OBJECT_CONVERSION = YES_AGGRESSIVE;
				CLANG_CXX_LANGUAGE_STANDARD = "gnu++20";
				CLANG_ENABLE_MODULES = YES;
				CLANG_ENABLE_OBJC_ARC = YES;
				CLANG_ENABLE_OBJC_WEAK = YES;
				CLANG_WARN_BLOCK_CAPTURE_AUTORELEASING = YES;
				CLANG_WARN_BOOL_CONVERSION = YES;
				CLANG_WARN_COMMA = YES;
				CLANG_WARN_CONSTANT_CONVERSION = YES;
				CLANG_WARN_DEPRECATED_OBJC_IMPLEMENTATIONS = YES;
				CLANG_WARN_DIRECT_OBJC_ISA_USAGE = YES_ERROR;
				CLANG_WARN_DOCUMENTATION_COMMENTS = YES;
				CLANG_WARN_EMPTY_BODY = YES;
				CLANG_WARN_ENUM_CONVERSION = YES;
				CLANG_WARN_INFINITE_RECURSION = YES;
				CLANG_WARN_INT_CONVERSION = YES;
				CLANG_WARN_NON_LITERAL_NULL_CONVERSION = YES;
				CLANG_WARN_OBJC_IMPLICIT_RETAIN_SELF = YES;
				CLANG_WARN_OBJC_LITERAL_CONVERSION = YES;
				CLANG_WARN_OBJC_ROOT_CLASS = YES_ERROR;
				CLANG_WARN_QUOTED_INCLUDE_IN_FRAMEWORK_HEADER = YES;
				CLANG_WARN_RANGE_LOOP_ANALYSIS = YES;
				CLANG_WARN_STRICT_PROTOTYPES = YES;
				CLANG_WARN_SUSPICIOUS_MOVE = YES;
				CLANG_WARN_UNGUARDED_AVAILABILITY = YES_AGGRESSIVE;
				CLANG_WARN_UNREACHABLE_CODE = YES;
				CLANG_WARN__DUPLICATE_METHOD_MATCH = YES;
				COPY_PHASE_STRIP = NO;
				DEBUG_INFORMATION_FORMAT = dwarf;
				ENABLE_STRICT_OBJC_MSGSEND = YES;
				ENABLE_TESTABILITY = YES;
				ENABLE_USER_SCRIPT_SANDBOXING = YES;
				GCC_C_LANGUAGE_STANDARD = gnu17;
				GCC_DYNAMIC_NO_PIC = NO;
				GCC_NO_COMMON_BLOCKS = YES;
				GCC_OPTIMIZATION_LEVEL = 0;
				GCC_PREPROCESSOR_DEFINITIONS = (
					"DEBUG=1",
					"$(inherited)",
				);
				GCC_WARN_64_TO_32_BIT_CONVERSION = YES;
				GCC_WARN_ABOUT_RETURN_TYPE = YES_ERROR;
				GCC_WARN_UNDECLARED_SELECTOR = YES;
				GCC_WARN_UNINITIALIZED_AUTOS = YES_AGGRESSIVE;
				GCC_WARN_UNUSED_FUNCTION = YES;
				GCC_WARN_UNUSED_VARIABLE = YES;
				IPHONEOS_DEPLOYMENT_TARGET = 17.4;
				LOCALIZATION_PREFERS_STRING_CATALOGS = YES;
				MTL_ENABLE_DEBUG_INFO = INCLUDE_SOURCE;
				MTL_FAST_MATH = YES;
				ONLY_ACTIVE_ARCH = YES;
				SDKROOT = iphoneos;
				SWIFT_ACTIVE_COMPILATION_CONDITIONS = "DEBUG $(inherited)";
				SWIFT_OPTIMIZATION_LEVEL = "-Onone";
			};
			name = Debug;
		};
		3218FADA2C4225AE00A3C570 /* Release */ = {
			isa = XCBuildConfiguration;
			buildSettings = {
				ALWAYS_SEARCH_USER_PATHS = NO;
				ASSETCATALOG_COMPILER_GENERATE_SWIFT_ASSET_SYMBOL_EXTENSIONS = YES;
				CLANG_ANALYZER_NONNULL = YES;
				CLANG_ANALYZER_NUMBER_OBJECT_CONVERSION = YES_AGGRESSIVE;
				CLANG_CXX_LANGUAGE_STANDARD = "gnu++20";
				CLANG_ENABLE_MODULES = YES;
				CLANG_ENABLE_OBJC_ARC = YES;
				CLANG_ENABLE_OBJC_WEAK = YES;
				CLANG_WARN_BLOCK_CAPTURE_AUTORELEASING = YES;
				CLANG_WARN_BOOL_CONVERSION = YES;
				CLANG_WARN_COMMA = YES;
				CLANG_WARN_CONSTANT_CONVERSION = YES;
				CLANG_WARN_DEPRECATED_OBJC_IMPLEMENTATIONS = YES;
				CLANG_WARN_DIRECT_OBJC_ISA_USAGE = YES_ERROR;
				CLANG_WARN_DOCUMENTATION_COMMENTS = YES;
				CLANG_WARN_EMPTY_BODY = YES;
				CLANG_WARN_ENUM_CONVERSION = YES;
				CLANG_WARN_INFINITE_RECURSION = YES;
				CLANG_WARN_INT_CONVERSION = YES;
				CLANG_WARN_NON_LITERAL_NULL_CONVERSION = YES;
				CLANG_WARN_OBJC_IMPLICIT_RETAIN_SELF = YES;
				CLANG_WARN_OBJC_LITERAL_CONVERSION = YES;
				CLANG_WARN_OBJC_ROOT_CLASS = YES_ERROR;
				CLANG_WARN_QUOTED_INCLUDE_IN_FRAMEWORK_HEADER = YES;
				CLANG_WARN_RANGE_LOOP_ANALYSIS = YES;
				CLANG_WARN_STRICT_PROTOTYPES = YES;
				CLANG_WARN_SUSPICIOUS_MOVE = YES;
				CLANG_WARN_UNGUARDED_AVAILABILITY = YES_AGGRESSIVE;
				CLANG_WARN_UNREACHABLE_CODE = YES;
				CLANG_WARN__DUPLICATE_METHOD_MATCH = YES;
				COPY_PHASE_STRIP = NO;
				DEBUG_INFORMATION_FORMAT = "dwarf-with-dsym";
				ENABLE_NS_ASSERTIONS = NO;
				ENABLE_STRICT_OBJC_MSGSEND = YES;
				ENABLE_USER_SCRIPT_SANDBOXING = YES;
				GCC_C_LANGUAGE_STANDARD = gnu17;
				GCC_NO_COMMON_BLOCKS = YES;
				GCC_WARN_64_TO_32_BIT_CONVERSION = YES;
				GCC_WARN_ABOUT_RETURN_TYPE = YES_ERROR;
				GCC_WARN_UNDECLARED_SELECTOR = YES;
				GCC_WARN_UNINITIALIZED_AUTOS = YES_AGGRESSIVE;
				GCC_WARN_UNUSED_FUNCTION = YES;
				GCC_WARN_UNUSED_VARIABLE = YES;
				IPHONEOS_DEPLOYMENT_TARGET = 17.4;
				LOCALIZATION_PREFERS_STRING_CATALOGS = YES;
				MTL_ENABLE_DEBUG_INFO = NO;
				MTL_FAST_MATH = YES;
				SDKROOT = iphoneos;
				SWIFT_COMPILATION_MODE = wholemodule;
				VALIDATE_PRODUCT = YES;
			};
			name = Release;
		};
		3218FADC2C4225AE00A3C570 /* Debug */ = {
			isa = XCBuildConfiguration;
			buildSettings = {
				ASSETCATALOG_COMPILER_APPICON_NAME = AppIcon;
				ASSETCATALOG_COMPILER_GLOBAL_ACCENT_COLOR_NAME = AccentColor;
				CODE_SIGN_STYLE = Automatic;
				CURRENT_PROJECT_VERSION = 1;
				DEVELOPMENT_ASSET_PATHS = "\"about-us-pm/Preview Content\"";
				DEVELOPMENT_TEAM = XL5JK4F896;
				ENABLE_PREVIEWS = YES;
				GENERATE_INFOPLIST_FILE = YES;
				INFOPLIST_KEY_UIApplicationSceneManifest_Generation = YES;
				INFOPLIST_KEY_UIApplicationSupportsIndirectInputEvents = YES;
				INFOPLIST_KEY_UILaunchScreen_Generation = YES;
				INFOPLIST_KEY_UISupportedInterfaceOrientations_iPad = "UIInterfaceOrientationPortrait UIInterfaceOrientationPortraitUpsideDown UIInterfaceOrientationLandscapeLeft UIInterfaceOrientationLandscapeRight";
				INFOPLIST_KEY_UISupportedInterfaceOrientations_iPhone = "UIInterfaceOrientationPortrait UIInterfaceOrientationLandscapeLeft UIInterfaceOrientationLandscapeRight";
				IPHONEOS_DEPLOYMENT_TARGET = 17.0;
				LD_RUNPATH_SEARCH_PATHS = (
					"$(inherited)",
					"@executable_path/Frameworks",
				);
				MARKETING_VERSION = 1.0;
				PRODUCT_BUNDLE_IDENTIFIER = "org.swiftinsg.about-us-pm";
				PRODUCT_NAME = "$(TARGET_NAME)";
				SWIFT_EMIT_LOC_STRINGS = YES;
				SWIFT_VERSION = 5.0;
				TARGETED_DEVICE_FAMILY = "1,2";
			};
			name = Debug;
		};
		3218FADD2C4225AE00A3C570 /* Release */ = {
			isa = XCBuildConfiguration;
			buildSettings = {
				ASSETCATALOG_COMPILER_APPICON_NAME = AppIcon;
				ASSETCATALOG_COMPILER_GLOBAL_ACCENT_COLOR_NAME = AccentColor;
				CODE_SIGN_STYLE = Automatic;
				CURRENT_PROJECT_VERSION = 1;
				DEVELOPMENT_ASSET_PATHS = "\"about-us-pm/Preview Content\"";
				DEVELOPMENT_TEAM = XL5JK4F896;
				ENABLE_PREVIEWS = YES;
				GENERATE_INFOPLIST_FILE = YES;
				INFOPLIST_KEY_UIApplicationSceneManifest_Generation = YES;
				INFOPLIST_KEY_UIApplicationSupportsIndirectInputEvents = YES;
				INFOPLIST_KEY_UILaunchScreen_Generation = YES;
				INFOPLIST_KEY_UISupportedInterfaceOrientations_iPad = "UIInterfaceOrientationPortrait UIInterfaceOrientationPortraitUpsideDown UIInterfaceOrientationLandscapeLeft UIInterfaceOrientationLandscapeRight";
				INFOPLIST_KEY_UISupportedInterfaceOrientations_iPhone = "UIInterfaceOrientationPortrait UIInterfaceOrientationLandscapeLeft UIInterfaceOrientationLandscapeRight";
				IPHONEOS_DEPLOYMENT_TARGET = 17.0;
				LD_RUNPATH_SEARCH_PATHS = (
					"$(inherited)",
					"@executable_path/Frameworks",
				);
				MARKETING_VERSION = 1.0;
				PRODUCT_BUNDLE_IDENTIFIER = "org.swiftinsg.about-us-pm";
				PRODUCT_NAME = "$(TARGET_NAME)";
				SWIFT_EMIT_LOC_STRINGS = YES;
				SWIFT_VERSION = 5.0;
				TARGETED_DEVICE_FAMILY = "1,2";
			};
			name = Release;
		};
/* End XCBuildConfiguration section */

/* Begin XCConfigurationList section */
		3218FAC82C4225AD00A3C570 /* Build configuration list for PBXProject "about-us-pm" */ = {
			isa = XCConfigurationList;
			buildConfigurations = (
				3218FAD92C4225AE00A3C570 /* Debug */,
				3218FADA2C4225AE00A3C570 /* Release */,
			);
			defaultConfigurationIsVisible = 0;
			defaultConfigurationName = Release;
		};
		3218FADB2C4225AE00A3C570 /* Build configuration list for PBXNativeTarget "about-us-pm" */ = {
			isa = XCConfigurationList;
			buildConfigurations = (
				3218FADC2C4225AE00A3C570 /* Debug */,
				3218FADD2C4225AE00A3C570 /* Release */,
			);
			defaultConfigurationIsVisible = 0;
			defaultConfigurationName = Release;
		};
/* End XCConfigurationList section */
	};
	rootObject = 3218FAC52C4225AD00A3C570 /* Project object */;
}
